{
  "requires": true,
  "lockfileVersion": 1,
  "dependencies": {
    "@popperjs/core": {
      "version": "2.6.0",
      "resolved": "https://registry.npmjs.org/@popperjs/core/-/core-2.6.0.tgz",
      "integrity": "sha512-cPqjjzuFWNK3BSKLm0abspP0sp/IGOli4p5I5fKFAzdS8fvjdOwDCfZqAaIiXd9lPkOWi3SUUfZof3hEb7J/uw=="
    },
    "bootstrap": {
      "version": "5.0.0-alpha3",
      "resolved": "https://registry.npmjs.org/bootstrap/-/bootstrap-5.0.0-alpha3.tgz",
      "integrity": "sha512-ghwrMFNzqOwfB0nJ1iYbkERd+EK1PblUl7rEEynY35jD0TUlSY6yrjG2M42qI++NhAUBEqGcjmmHkMGs3QyNHA=="
    },
    "dayjs": {
      "version": "1.10.4",
      "resolved": "https://registry.npmjs.org/dayjs/-/dayjs-1.10.4.tgz",
      "integrity": "sha512-RI/Hh4kqRc1UKLOAf/T5zdMMX5DQIlDxwUe3wSyMMnEbGunnpENCdbUgM+dW7kXidZqCttBrmw7BhN4TMddkCw=="
    },
    "simple-datatables": {
      "version": "3.0.0",
      "resolved": "https://registry.npmjs.org/simple-datatables/-/simple-datatables-3.0.0.tgz",
      "integrity": "sha512-HG71ndHHQ2yl/JzaoDaW+Xl1WPIa5pZyhmOvz/JKvC+t+4aGxCCaPd/54PtOJb5ie876N+0b2bqQFEoQNDlhCg==",
      "requires": {
        "dayjs": "^1.10.3"
      }
    }
  }
}
